# NAME: block
payload:
  - DOMAIN-KEYWORD,corel
  - DOMAIN-KEYWORD,corelstore
  - DOMAIN-KEYWORD,coreldraw
  - DOMAIN-KEYWORD,xmind
  - DOMAIN-KEYWORD,wondershare
  - DOMAIN-KEYWORD,affinity
  - DOMAIN-KEYWORD,parallels
  - DOMAIN-KEYWORD,parallelskorea
  - DOMAIN-KEYWORD,myparallels
  - DOMAIN-KEYWORD,nektony
  - DOMAIN-SUFFIX,onchsoftware.com
  - DOMAIN-SUFFIX,luckydogsoft.com
  - DOMAIN-SUFFIX,nch.com.au
  - DOMAIN-SUFFIX,sublimehq.com
  - DOMAIN-SUFFIX,sublimetext.com
  - DOMAIN-SUFFIX,daisydiskapp.com
  - DOMAIN-SUFFIX,phaseone.com
  - DOMAIN-SUFFIX,netsarang.com
  - DOMAIN-SUFFIX,netsarang.co.kr
